
Microsoft Visual Studio Solution File, Format Version 11.00
# Visual Studio 2010
Project("{FAE04EC0-301F-11D3-BF4B-00C04F79EFBC}") = "Assembly-CSharp", "Assembly-CSharp.csproj", "{16bc0ce7-5503-dc0a-f42a-b1a6b05a9d9d}"
EndProject
Project("{FAE04EC0-301F-11D3-BF4B-00C04F79EFBC}") = "Assembly-CSharp-Editor", "Assembly-CSharp-Editor.csproj", "{706b37fe-2a2f-c83e-e48e-db9b5bd75197}"
EndProject
Global
	GlobalSection(SolutionConfigurationPlatforms) = preSolution
		Debug|Any CPU = Debug|Any CPU
	EndGlobalSection
	GlobalSection(ProjectConfigurationPlatforms) = postSolution
		{16bc0ce7-5503-dc0a-f42a-b1a6b05a9d9d}.Debug|Any CPU.ActiveCfg = Debug|Any CPU
		{16bc0ce7-5503-dc0a-f42a-b1a6b05a9d9d}.Debug|Any CPU.Build.0 = Debug|Any CPU
		{706b37fe-2a2f-c83e-e48e-db9b5bd75197}.Debug|Any CPU.ActiveCfg = Debug|Any CPU
		{706b37fe-2a2f-c83e-e48e-db9b5bd75197}.Debug|Any CPU.Build.0 = Debug|Any CPU
	EndGlobalSection
	GlobalSection(SolutionProperties) = preSolution
		HideSolutionNode = FALSE
	EndGlobalSection
EndGlobal
